// !$*UTF8*$!
{
	archiveVersion = 1;
	classes = {
	};
	objectVersion = 77;
	objects = {

/* Begin PBXContainerItemProxy section */
		8B08DCEE2D8BC0EB003ED2CF /* PBXContainerItemProxy */ = {
			isa = PBXContainerItemProxy;
			containerPortal = 8B08DCD52D8BC0EA003ED2CF /* Project object */;
			proxyType = 1;
			remoteGlobalIDString = 8B08DCDC2D8BC0EA003ED2CF;
			remoteInfo = Pokedex_MVVM;
		};
		8B08DCF82D8BC0EB003ED2CF /* PBXContainerItemProxy */ = {
			isa = PBXContainerItemProxy;
			containerPortal = 8B08DCD52D8BC0EA003ED2CF /* Project object */;
			proxyType = 1;
			remoteGlobalIDString = 8B08DCDC2D8BC0EA003ED2CF;
			remoteInfo = Pokedex_MVVM;
		};
/* End PBXContainerItemProxy section */

/* Begin PBXFileReference section */
		8B08DCDD2D8BC0EA003ED2CF /* Pokedex_MVVM.app */ = {isa = PBXFileReference; explicitFileType = wrapper.application; includeInIndex = 0; path = Pokedex_MVVM.app; sourceTree = BUILT_PRODUCTS_DIR; };
		8B08DCED2D8BC0EB003ED2CF /* Pokedex_MVVMTests.xctest */ = {isa = PBXFileReference; explicitFileType = wrapper.cfbundle; includeInIndex = 0; path = Pokedex_MVVMTests.xctest; sourceTree = BUILT_PRODUCTS_DIR; };
		8B08DCF72D8BC0EB003ED2CF /* Pokedex_MVVMUITests.xctest */ = {isa = PBXFileReference; explicitFileType = wrapper.cfbundle; includeInIndex = 0; path = Pokedex_MVVMUITests.xctest; sourceTree = BUILT_PRODUCTS_DIR; };
/* End PBXFileReference section */

/* Begin PBXFileSystemSynchronizedRootGroup section */
		8B08DCDF2D8BC0EA003ED2CF /* Pokedex_MVVM */ = {
			isa = PBXFileSystemSynchronizedRootGroup;
			path = Pokedex_MVVM;
			sourceTree = "<group>";
		};
		8B08DCF02D8BC0EB003ED2CF /* Pokedex_MVVMTests */ = {
			isa = PBXFileSystemSynchronizedRootGroup;
			path = Pokedex_MVVMTests;
			sourceTree = "<group>";
		};
		8B08DCFA2D8BC0EB003ED2CF /* Pokedex_MVVMUITests */ = {
			isa = PBXFileSystemSynchronizedRootGroup;
			path = Pokedex_MVVMUITests;
			sourceTree = "<group>";
		};
/* End PBXFileSystemSynchronizedRootGroup section */

/* Begin PBXFrameworksBuildPhase section */
		8B08DCDA2D8BC0EA003ED2CF /* Frameworks */ = {
			isa = PBXFrameworksBuildPhase;
			buildActionMask = 2147483647;
			files = (
			);
			runOnlyForDeploymentPostprocessing = 0;
		};
		8B08DCEA2D8BC0EB003ED2CF /* Frameworks */ = {
			isa = PBXFrameworksBuildPhase;
			buildActionMask = 2147483647;
			files = (
			);
			runOnlyForDeploymentPostprocessing = 0;
		};
		8B08DCF42D8BC0EB003ED2CF /* Frameworks */ = {
			isa = PBXFrameworksBuildPhase;
			buildActionMask = 2147483647;
			files = (
			);
			runOnlyForDeploymentPostprocessing = 0;
		};
/* End PBXFrameworksBuildPhase section */

/* Begin PBXGroup section */
		8B08DCD42D8BC0EA003ED2CF = {
			isa = PBXGroup;
			children = (
				8B08DCDF2D8BC0EA003ED2CF /* Pokedex_MVVM */,
				8B08DCF02D8BC0EB003ED2CF /* Pokedex_MVVMTests */,
				8B08DCFA2D8BC0EB003ED2CF /* Pokedex_MVVMUITests */,
				8B08DCDE2D8BC0EA003ED2CF /* Products */,
			);
			sourceTree = "<group>";
		};
		8B08DCDE2D8BC0EA003ED2CF /* Products */ = {
			isa = PBXGroup;
			children = (
				8B08DCDD2D8BC0EA003ED2CF /* Pokedex_MVVM.app */,
				8B08DCED2D8BC0EB003ED2CF /* Pokedex_MVVMTests.xctest */,
				8B08DCF72D8BC0EB003ED2CF /* Pokedex_MVVMUITests.xctest */,
			);
			name = Products;
			sourceTree = "<group>";
		};
/* End PBXGroup section */

/* Begin PBXNativeTarget section */
		8B08DCDC2D8BC0EA003ED2CF /* Pokedex_MVVM */ = {
			isa = PBXNativeTarget;
			buildConfigurationList = 8B08DD012D8BC0EB003ED2CF /* Build configuration list for PBXNativeTarget "Pokedex_MVVM" */;
			buildPhases = (
				8B08DCD92D8BC0EA003ED2CF /* Sources */,
				8B08DCDA2D8BC0EA003ED2CF /* Frameworks */,
				8B08DCDB2D8BC0EA003ED2CF /* Resources */,
			);
			buildRules = (
			);
			dependencies = (
			);
			fileSystemSynchronizedGroups = (
				8B08DCDF2D8BC0EA003ED2CF /* Pokedex_MVVM */,
			);
			name = Pokedex_MVVM;
			packageProductDependencies = (
			);
			productName = Pokedex_MVVM;
			productReference = 8B08DCDD2D8BC0EA003ED2CF /* Pokedex_MVVM.app */;
			productType = "com.apple.product-type.application";
		};
		8B08DCEC2D8BC0EB003ED2CF /* Pokedex_MVVMTests */ = {
			isa = PBXNativeTarget;
			buildConfigurationList = 8B08DD042D8BC0EB003ED2CF /* Build configuration list for PBXNativeTarget "Pokedex_MVVMTests" */;
			buildPhases = (
				8B08DCE92D8BC0EB003ED2CF /* Sources */,
				8B08DCEA2D8BC0EB003ED2CF /* Frameworks */,
				8B08DCEB2D8BC0EB003ED2CF /* Resources */,
			);
			buildRules = (
			);
			dependencies = (
				8B08DCEF2D8BC0EB003ED2CF /* PBXTargetDependency */,
			);
			fileSystemSynchronizedGroups = (
				8B08DCF02D8BC0EB003ED2CF /* Pokedex_MVVMTests */,
			);
			name = Pokedex_MVVMTests;
			packageProductDependencies = (
			);
			productName = Pokedex_MVVMTests;
			productReference = 8B08DCED2D8BC0EB003ED2CF /* Pokedex_MVVMTests.xctest */;
			productType = "com.apple.product-type.bundle.unit-test";
		};
		8B08DCF62D8BC0EB003ED2CF /* Pokedex_MVVMUITests */ = {
			isa = PBXNativeTarget;
			buildConfigurationList = 8B08DD072D8BC0EB003ED2CF /* Build configuration list for PBXNativeTarget "Pokedex_MVVMUITests" */;
			buildPhases = (
				8B08DCF32D8BC0EB003ED2CF /* Sources */,
				8B08DCF42D8BC0EB003ED2CF /* Frameworks */,
				8B08DCF52D8BC0EB003ED2CF /* Resources */,
			);
			buildRules = (
			);
			dependencies = (
				8B08DCF92D8BC0EB003ED2CF /* PBXTargetDependency */,
			);
			fileSystemSynchronizedGroups = (
				8B08DCFA2D8BC0EB003ED2CF /* Pokedex_MVVMUITests */,
			);
			name = Pokedex_MVVMUITests;
			packageProductDependencies = (
			);
			productName = Pokedex_MVVMUITests;
			productReference = 8B08DCF72D8BC0EB003ED2CF /* Pokedex_MVVMUITests.xctest */;
			productType = "com.apple.product-type.bundle.ui-testing";
		};
/* End PBXNativeTarget section */

/* Begin PBXProject section */
		8B08DCD52D8BC0EA003ED2CF /* Project object */ = {
			isa = PBXProject;
			attributes = {
				BuildIndependentTargetsInParallel = 1;
				LastSwiftUpdateCheck = 1620;
				LastUpgradeCheck = 1620;
				TargetAttributes = {
					8B08DCDC2D8BC0EA003ED2CF = {
						CreatedOnToolsVersion = 16.2;
					};
					8B08DCEC2D8BC0EB003ED2CF = {
						CreatedOnToolsVersion = 16.2;
						TestTargetID = 8B08DCDC2D8BC0EA003ED2CF;
					};
					8B08DCF62D8BC0EB003ED2CF = {
						CreatedOnToolsVersion = 16.2;
						TestTargetID = 8B08DCDC2D8BC0EA003ED2CF;
					};
				};
			};
			buildConfigurationList = 8B08DCD82D8BC0EA003ED2CF /* Build configuration list for PBXProject "Pokedex_MVVM" */;
			developmentRegion = en;
			hasScannedForEncodings = 0;
			knownRegions = (
				en,
				Base,
			);
			mainGroup = 8B08DCD42D8BC0EA003ED2CF;
			minimizedProjectReferenceProxies = 1;
			preferredProjectObjectVersion = 77;
			productRefGroup = 8B08DCDE2D8BC0EA003ED2CF /* Products */;
			projectDirPath = "";
			projectRoot = "";
			targets = (
				8B08DCDC2D8BC0EA003ED2CF /* Pokedex_MVVM */,
				8B08DCEC2D8BC0EB003ED2CF /* Pokedex_MVVMTests */,
				8B08DCF62D8BC0EB003ED2CF /* Pokedex_MVVMUITests */,
			);
		};
/* End PBXProject section */

/* Begin PBXResourcesBuildPhase section */
		8B08DCDB2D8BC0EA003ED2CF /* Resources */ = {
			isa = PBXResourcesBuildPhase;
			buildActionMask = 2147483647;
			files = (
			);
			runOnlyForDeploymentPostprocessing = 0;
		};
		8B08DCEB2D8BC0EB003ED2CF /* Resources */ = {
			isa = PBXResourcesBuildPhase;
			buildActionMask = 2147483647;
			files = (
			);
			runOnlyForDeploymentPostprocessing = 0;
		};
		8B08DCF52D8BC0EB003ED2CF /* Resources */ = {
			isa = PBXResourcesBuildPhase;
			buildActionMask = 2147483647;
			files = (
			);
			runOnlyForDeploymentPostprocessing = 0;
		};
/* End PBXResourcesBuildPhase section */

/* Begin PBXSourcesBuildPhase section */
		8B08DCD92D8BC0EA003ED2CF /* Sources */ = {
			isa = PBXSourcesBuildPhase;
			buildActionMask = 2147483647;
			files = (
			);
			runOnlyForDeploymentPostprocessing = 0;
		};
		8B08DCE92D8BC0EB003ED2CF /* Sources */ = {
			isa = PBXSourcesBuildPhase;
			buildActionMask = 2147483647;
			files = (
			);
			runOnlyForDeploymentPostprocessing = 0;
		};
		8B08DCF32D8BC0EB003ED2CF /* Sources */ = {
			isa = PBXSourcesBuildPhase;
			buildActionMask = 2147483647;
			files = (
			);
			runOnlyForDeploymentPostprocessing = 0;
		};
/* End PBXSourcesBuildPhase section */

/* Begin PBXTargetDependency section */
		8B08DCEF2D8BC0EB003ED2CF /* PBXTargetDependency */ = {
			isa = PBXTargetDependency;
			target = 8B08DCDC2D8BC0EA003ED2CF /* Pokedex_MVVM */;
			targetProxy = 8B08DCEE2D8BC0EB003ED2CF /* PBXContainerItemProxy */;
		};
		8B08DCF92D8BC0EB003ED2CF /* PBXTargetDependency */ = {
			isa = PBXTargetDependency;
			target = 8B08DCDC2D8BC0EA003ED2CF /* Pokedex_MVVM */;
			targetProxy = 8B08DCF82D8BC0EB003ED2CF /* PBXContainerItemProxy */;
		};
/* End PBXTargetDependency section */

/* Begin XCBuildConfiguration section */
		8B08DCFF2D8BC0EB003ED2CF /* Debug */ = {
			isa = XCBuildConfiguration;
			buildSettings = {
				ALWAYS_SEARCH_USER_PATHS = NO;
				ASSETCATALOG_COMPILER_GENERATE_SWIFT_ASSET_SYMBOL_EXTENSIONS = YES;
				CLANG_ANALYZER_NONNULL = YES;
				CLANG_ANALYZER_NUMBER_OBJECT_CONVERSION = YES_AGGRESSIVE;
				CLANG_CXX_LANGUAGE_STANDARD = "gnu++20";
				CLANG_ENABLE_MODULES = YES;
				CLANG_ENABLE_OBJC_ARC = YES;
				CLANG_ENABLE_OBJC_WEAK = YES;
				CLANG_WARN_BLOCK_CAPTURE_AUTORELEASING = YES;
				CLANG_WARN_BOOL_CONVERSION = YES;
				CLANG_WARN_COMMA = YES;
				CLANG_WARN_CONSTANT_CONVERSION = YES;
				CLANG_WARN_DEPRECATED_OBJC_IMPLEMENTATIONS = YES;
				CLANG_WARN_DIRECT_OBJC_ISA_USAGE = YES_ERROR;
				CLANG_WARN_DOCUMENTATION_COMMENTS = YES;
				CLANG_WARN_EMPTY_BODY = YES;
				CLANG_WARN_ENUM_CONVERSION = YES;
				CLANG_WARN_INFINITE_RECURSION = YES;
				CLANG_WARN_INT_CONVERSION = YES;
				CLANG_WARN_NON_LITERAL_NULL_CONVERSION = YES;
				CLANG_WARN_OBJC_IMPLICIT_RETAIN_SELF = YES;
				CLANG_WARN_OBJC_LITERAL_CONVERSION = YES;
				CLANG_WARN_OBJC_ROOT_CLASS = YES_ERROR;
				CLANG_WARN_QUOTED_INCLUDE_IN_FRAMEWORK_HEADER = YES;
				CLANG_WARN_RANGE_LOOP_ANALYSIS = YES;
				CLANG_WARN_STRICT_PROTOTYPES = YES;
				CLANG_WARN_SUSPICIOUS_MOVE = YES;
				CLANG_WARN_UNGUARDED_AVAILABILITY = YES_AGGRESSIVE;
				CLANG_WARN_UNREACHABLE_CODE = YES;
				CLANG_WARN__DUPLICATE_METHOD_MATCH = YES;
				COPY_PHASE_STRIP = NO;
				DEBUG_INFORMATION_FORMAT = dwarf;
				ENABLE_STRICT_OBJC_MSGSEND = YES;
				ENABLE_TESTABILITY = YES;
				ENABLE_USER_SCRIPT_SANDBOXING = YES;
				GCC_C_LANGUAGE_STANDARD = gnu17;
				GCC_DYNAMIC_NO_PIC = NO;
				GCC_NO_COMMON_BLOCKS = YES;
				GCC_OPTIMIZATION_LEVEL = 0;
				GCC_PREPROCESSOR_DEFINITIONS = (
					"DEBUG=1",
					"$(inherited)",
				);
				GCC_WARN_64_TO_32_BIT_CONVERSION = YES;
				GCC_WARN_ABOUT_RETURN_TYPE = YES_ERROR;
				GCC_WARN_UNDECLARED_SELECTOR = YES;
				GCC_WARN_UNINITIALIZED_AUTOS = YES_AGGRESSIVE;
				GCC_WARN_UNUSED_FUNCTION = YES;
				GCC_WARN_UNUSED_VARIABLE = YES;
				IPHONEOS_DEPLOYMENT_TARGET = 18.2;
				LOCALIZATION_PREFERS_STRING_CATALOGS = YES;
				MTL_ENABLE_DEBUG_INFO = INCLUDE_SOURCE;
				MTL_FAST_MATH = YES;
				ONLY_ACTIVE_ARCH = YES;
				SDKROOT = iphoneos;
				SWIFT_ACTIVE_COMPILATION_CONDITIONS = "DEBUG $(inherited)";
				SWIFT_OPTIMIZATION_LEVEL = "-Onone";
			};
			name = Debug;
		};
		8B08DD002D8BC0EB003ED2CF /* Release */ = {
			isa = XCBuildConfiguration;
			buildSettings = {
				ALWAYS_SEARCH_USER_PATHS = NO;
				ASSETCATALOG_COMPILER_GENERATE_SWIFT_ASSET_SYMBOL_EXTENSIONS = YES;
				CLANG_ANALYZER_NONNULL = YES;
				CLANG_ANALYZER_NUMBER_OBJECT_CONVERSION = YES_AGGRESSIVE;
				CLANG_CXX_LANGUAGE_STANDARD = "gnu++20";
				CLANG_ENABLE_MODULES = YES;
				CLANG_ENABLE_OBJC_ARC = YES;
				CLANG_ENABLE_OBJC_WEAK = YES;
				CLANG_WARN_BLOCK_CAPTURE_AUTORELEASING = YES;
				CLANG_WARN_BOOL_CONVERSION = YES;
				CLANG_WARN_COMMA = YES;
				CLANG_WARN_CONSTANT_CONVERSION = YES;
				CLANG_WARN_DEPRECATED_OBJC_IMPLEMENTATIONS = YES;
				CLANG_WARN_DIRECT_OBJC_ISA_USAGE = YES_ERROR;
				CLANG_WARN_DOCUMENTATION_COMMENTS = YES;
				CLANG_WARN_EMPTY_BODY = YES;
				CLANG_WARN_ENUM_CONVERSION = YES;
				CLANG_WARN_INFINITE_RECURSION = YES;
				CLANG_WARN_INT_CONVERSION = YES;
				CLANG_WARN_NON_LITERAL_NULL_CONVERSION = YES;
				CLANG_WARN_OBJC_IMPLICIT_RETAIN_SELF = YES;
				CLANG_WARN_OBJC_LITERAL_CONVERSION = YES;
				CLANG_WARN_OBJC_ROOT_CLASS = YES_ERROR;
				CLANG_WARN_QUOTED_INCLUDE_IN_FRAMEWORK_HEADER = YES;
				CLANG_WARN_RANGE_LOOP_ANALYSIS = YES;
				CLANG_WARN_STRICT_PROTOTYPES = YES;
				CLANG_WARN_SUSPICIOUS_MOVE = YES;
				CLANG_WARN_UNGUARDED_AVAILABILITY = YES_AGGRESSIVE;
				CLANG_WARN_UNREACHABLE_CODE = YES;
				CLANG_WARN__DUPLICATE_METHOD_MATCH = YES;
				COPY_PHASE_STRIP = NO;
				DEBUG_INFORMATION_FORMAT = "dwarf-with-dsym";
				ENABLE_NS_ASSERTIONS = NO;
				ENABLE_STRICT_OBJC_MSGSEND = YES;
				ENABLE_USER_SCRIPT_SANDBOXING = YES;
				GCC_C_LANGUAGE_STANDARD = gnu17;
				GCC_NO_COMMON_BLOCKS = YES;
				GCC_WARN_64_TO_32_BIT_CONVERSION = YES;
				GCC_WARN_ABOUT_RETURN_TYPE = YES_ERROR;
				GCC_WARN_UNDECLARED_SELECTOR = YES;
				GCC_WARN_UNINITIALIZED_AUTOS = YES_AGGRESSIVE;
				GCC_WARN_UNUSED_FUNCTION = YES;
				GCC_WARN_UNUSED_VARIABLE = YES;
				IPHONEOS_DEPLOYMENT_TARGET = 18.2;
				LOCALIZATION_PREFERS_STRING_CATALOGS = YES;
				MTL_ENABLE_DEBUG_INFO = NO;
				MTL_FAST_MATH = YES;
				SDKROOT = iphoneos;
				SWIFT_COMPILATION_MODE = wholemodule;
				VALIDATE_PRODUCT = YES;
			};
			name = Release;
		};
		8B08DD022D8BC0EB003ED2CF /* Debug */ = {
			isa = XCBuildConfiguration;
			buildSettings = {
				ASSETCATALOG_COMPILER_APPICON_NAME = AppIcon;
				ASSETCATALOG_COMPILER_GLOBAL_ACCENT_COLOR_NAME = AccentColor;
				CODE_SIGN_STYLE = Automatic;
				CURRENT_PROJECT_VERSION = 1;
				DEVELOPMENT_ASSET_PATHS = "\"Pokedex_MVVM/Preview Content\"";
				DEVELOPMENT_TEAM = 344HT8G4W2;
				ENABLE_PREVIEWS = YES;
				GENERATE_INFOPLIST_FILE = YES;
				INFOPLIST_KEY_UIApplicationSceneManifest_Generation = YES;
				INFOPLIST_KEY_UIApplicationSupportsIndirectInputEvents = YES;
				INFOPLIST_KEY_UILaunchScreen_Generation = YES;
				INFOPLIST_KEY_UISupportedInterfaceOrientations_iPad = "UIInterfaceOrientationPortrait UIInterfaceOrientationPortraitUpsideDown UIInterfaceOrientationLandscapeLeft UIInterfaceOrientationLandscapeRight";
				INFOPLIST_KEY_UISupportedInterfaceOrientations_iPhone = "UIInterfaceOrientationPortrait UIInterfaceOrientationLandscapeLeft UIInterfaceOrientationLandscapeRight";
				LD_RUNPATH_SEARCH_PATHS = (
					"$(inherited)",
					"@executable_path/Frameworks",
				);
				MARKETING_VERSION = 1.0;
				PRODUCT_BUNDLE_IDENTIFIER = "com.nitnelav.Pokedex-MVVM";
				PRODUCT_NAME = "$(TARGET_NAME)";
				SWIFT_EMIT_LOC_STRINGS = YES;
				SWIFT_VERSION = 5.0;
				TARGETED_DEVICE_FAMILY = "1,2";
			};
			name = Debug;
		};
		8B08DD032D8BC0EB003ED2CF /* Release */ = {
			isa = XCBuildConfiguration;
			buildSettings = {
				ASSETCATALOG_COMPILER_APPICON_NAME = AppIcon;
				ASSETCATALOG_COMPILER_GLOBAL_ACCENT_COLOR_NAME = AccentColor;
				CODE_SIGN_STYLE = Automatic;
				CURRENT_PROJECT_VERSION = 1;
				DEVELOPMENT_ASSET_PATHS = "\"Pokedex_MVVM/Preview Content\"";
				DEVELOPMENT_TEAM = 344HT8G4W2;
				ENABLE_PREVIEWS = YES;
				GENERATE_INFOPLIST_FILE = YES;
				INFOPLIST_KEY_UIApplicationSceneManifest_Generation = YES;
				INFOPLIST_KEY_UIApplicationSupportsIndirectInputEvents = YES;
				INFOPLIST_KEY_UILaunchScreen_Generation = YES;
				INFOPLIST_KEY_UISupportedInterfaceOrientations_iPad = "UIInterfaceOrientationPortrait UIInterfaceOrientationPortraitUpsideDown UIInterfaceOrientationLandscapeLeft UIInterfaceOrientationLandscapeRight";
				INFOPLIST_KEY_UISupportedInterfaceOrientations_iPhone = "UIInterfaceOrientationPortrait UIInterfaceOrientationLandscapeLeft UIInterfaceOrientationLandscapeRight";
				LD_RUNPATH_SEARCH_PATHS = (
					"$(inherited)",
					"@executable_path/Frameworks",
				);
				MARKETING_VERSION = 1.0;
				PRODUCT_BUNDLE_IDENTIFIER = "com.nitnelav.Pokedex-MVVM";
				PRODUCT_NAME = "$(TARGET_NAME)";
				SWIFT_EMIT_LOC_STRINGS = YES;
				SWIFT_VERSION = 5.0;
				TARGETED_DEVICE_FAMILY = "1,2";
			};
			name = Release;
		};
		8B08DD052D8BC0EB003ED2CF /* Debug */ = {
			isa = XCBuildConfiguration;
			buildSettings = {
				BUNDLE_LOADER = "$(TEST_HOST)";
				CODE_SIGN_STYLE = Automatic;
				CURRENT_PROJECT_VERSION = 1;
				DEVELOPMENT_TEAM = 344HT8G4W2;
				GENERATE_INFOPLIST_FILE = YES;
				IPHONEOS_DEPLOYMENT_TARGET = 18.2;
				MARKETING_VERSION = 1.0;
				PRODUCT_BUNDLE_IDENTIFIER = "com.nitnelav.Pokedex-MVVMTests";
				PRODUCT_NAME = "$(TARGET_NAME)";
				SWIFT_EMIT_LOC_STRINGS = NO;
				SWIFT_VERSION = 5.0;
				TARGETED_DEVICE_FAMILY = "1,2";
				TEST_HOST = "$(BUILT_PRODUCTS_DIR)/Pokedex_MVVM.app/$(BUNDLE_EXECUTABLE_FOLDER_PATH)/Pokedex_MVVM";
			};
			name = Debug;
		};
		8B08DD062D8BC0EB003ED2CF /* Release */ = {
			isa = XCBuildConfiguration;
			buildSettings = {
				BUNDLE_LOADER = "$(TEST_HOST)";
				CODE_SIGN_STYLE = Automatic;
				CURRENT_PROJECT_VERSION = 1;
				DEVELOPMENT_TEAM = 344HT8G4W2;
				GENERATE_INFOPLIST_FILE = YES;
				IPHONEOS_DEPLOYMENT_TARGET = 18.2;
				MARKETING_VERSION = 1.0;
				PRODUCT_BUNDLE_IDENTIFIER = "com.nitnelav.Pokedex-MVVMTests";
				PRODUCT_NAME = "$(TARGET_NAME)";
				SWIFT_EMIT_LOC_STRINGS = NO;
				SWIFT_VERSION = 5.0;
				TARGETED_DEVICE_FAMILY = "1,2";
				TEST_HOST = "$(BUILT_PRODUCTS_DIR)/Pokedex_MVVM.app/$(BUNDLE_EXECUTABLE_FOLDER_PATH)/Pokedex_MVVM";
			};
			name = Release;
		};
		8B08DD082D8BC0EB003ED2CF /* Debug */ = {
			isa = XCBuildConfiguration;
			buildSettings = {
				CODE_SIGN_STYLE = Automatic;
				CURRENT_PROJECT_VERSION = 1;
				DEVELOPMENT_TEAM = 344HT8G4W2;
				GENERATE_INFOPLIST_FILE = YES;
				MARKETING_VERSION = 1.0;
				PRODUCT_BUNDLE_IDENTIFIER = "com.nitnelav.Pokedex-MVVMUITests";
				PRODUCT_NAME = "$(TARGET_NAME)";
				SWIFT_EMIT_LOC_STRINGS = NO;
				SWIFT_VERSION = 5.0;
				TARGETED_DEVICE_FAMILY = "1,2";
				TEST_TARGET_NAME = Pokedex_MVVM;
			};
			name = Debug;
		};
		8B08DD092D8BC0EB003ED2CF /* Release */ = {
			isa = XCBuildConfiguration;
			buildSettings = {
				CODE_SIGN_STYLE = Automatic;
				CURRENT_PROJECT_VERSION = 1;
				DEVELOPMENT_TEAM = 344HT8G4W2;
				GENERATE_INFOPLIST_FILE = YES;
				MARKETING_VERSION = 1.0;
				PRODUCT_BUNDLE_IDENTIFIER = "com.nitnelav.Pokedex-MVVMUITests";
				PRODUCT_NAME = "$(TARGET_NAME)";
				SWIFT_EMIT_LOC_STRINGS = NO;
				SWIFT_VERSION = 5.0;
				TARGETED_DEVICE_FAMILY = "1,2";
				TEST_TARGET_NAME = Pokedex_MVVM;
			};
			name = Release;
		};
/* End XCBuildConfiguration section */

/* Begin XCConfigurationList section */
		8B08DCD82D8BC0EA003ED2CF /* Build configuration list for PBXProject "Pokedex_MVVM" */ = {
			isa = XCConfigurationList;
			buildConfigurations = (
				8B08DCFF2D8BC0EB003ED2CF /* Debug */,
				8B08DD002D8BC0EB003ED2CF /* Release */,
			);
			defaultConfigurationIsVisible = 0;
			defaultConfigurationName = Release;
		};
		8B08DD012D8BC0EB003ED2CF /* Build configuration list for PBXNativeTarget "Pokedex_MVVM" */ = {
			isa = XCConfigurationList;
			buildConfigurations = (
				8B08DD022D8BC0EB003ED2CF /* Debug */,
				8B08DD032D8BC0EB003ED2CF /* Release */,
			);
			defaultConfigurationIsVisible = 0;
			defaultConfigurationName = Release;
		};
		8B08DD042D8BC0EB003ED2CF /* Build configuration list for PBXNativeTarget "Pokedex_MVVMTests" */ = {
			isa = XCConfigurationList;
			buildConfigurations = (
				8B08DD052D8BC0EB003ED2CF /* Debug */,
				8B08DD062D8BC0EB003ED2CF /* Release */,
			);
			defaultConfigurationIsVisible = 0;
			defaultConfigurationName = Release;
		};
		8B08DD072D8BC0EB003ED2CF /* Build configuration list for PBXNativeTarget "Pokedex_MVVMUITests" */ = {
			isa = XCConfigurationList;
			buildConfigurations = (
				8B08DD082D8BC0EB003ED2CF /* Debug */,
				8B08DD092D8BC0EB003ED2CF /* Release */,
			);
			defaultConfigurationIsVisible = 0;
			defaultConfigurationName = Release;
		};
/* End XCConfigurationList section */
	};
	rootObject = 8B08DCD52D8BC0EA003ED2CF /* Project object */;
}
